{
  "name": "pres-2025",
  "version": "1.0.0",
  "lockfileVersion": 2,
  "requires": true,
  "packages": {
    "": {
      "name": "pres-2025",
      "version": "1.0.0",
      "license": "ISC",
      "dependencies": {
        "leaflet": "^1.9.4",
        "reveal.js": "^5.2.1"
      }
    },
    "node_modules/leaflet": {
      "version": "1.9.4",
      "resolved": "https://int.repositories.cloud.sap/artifactory/api/npm/build-releases-npm/leaflet/-/leaflet-1.9.4.tgz",
      "integrity": "sha512-kGXS5zOeaCgX3pHQrK36PIbQsOKbOWitcnHvZjzD3WMv3gy7wFQ4A0bImykhpGjT7YfQ5CA88yREiHXQSJpEtw=="
    },
    "node_modules/reveal.js": {
      "version": "5.2.1",
      "resolved": "https://int.repositories.cloud.sap/artifactory/api/npm/build-releases-npm/reveal.js/-/reveal.js-5.2.1.tgz",
      "integrity": "sha512-r7//6mIM5p34hFiDMvYfXgyjXqGRta+/psd9YtytsgRlrpRzFv4RbH76TXd2qD+7ZPZEbpBDhdRhJaFgfQ7zNQ==",
      "engines": {
        "node": ">=18.0.0"
      }
    }
  },
  "dependencies": {
    "leaflet": {
      "version": "1.9.4",
      "resolved": "https://int.repositories.cloud.sap/artifactory/api/npm/build-releases-npm/leaflet/-/leaflet-1.9.4.tgz",
      "integrity": "sha512-kGXS5zOeaCgX3pHQrK36PIbQsOKbOWitcnHvZjzD3WMv3gy7wFQ4A0bImykhpGjT7YfQ5CA88yREiHXQSJpEtw=="
    },
    "reveal.js": {
      "version": "5.2.1",
      "resolved": "https://int.repositories.cloud.sap/artifactory/api/npm/build-releases-npm/reveal.js/-/reveal.js-5.2.1.tgz",
      "integrity": "sha512-r7//6mIM5p34hFiDMvYfXgyjXqGRta+/psd9YtytsgRlrpRzFv4RbH76TXd2qD+7ZPZEbpBDhdRhJaFgfQ7zNQ=="
    }
  }
}
